
Microsoft Visual Studio Solution File, Format Version 12.00
# Visual Studio Version 17
VisualStudioVersion = 17.3.32825.248
MinimumVisualStudioVersion = 10.0.40219.1
Project("{9A19103F-16F7-4668-BE54-9A1E7A4F7556}") = "LDT Tools", "LDT Tools\LDT Tools.csproj", "{A7798F68-054D-420F-A1FA-B0D175325C65}"
EndProject
Global
	GlobalSection(SolutionConfigurationPlatforms) = preSolution
		Debug|Any CPU = Debug|Any CPU
		Release|Any CPU = Release|Any CPU
	EndGlobalSection
	GlobalSection(ProjectConfigurationPlatforms) = postSolution
		{A7798F68-054D-420F-A1FA-B0D175325C65}.Debug|Any CPU.ActiveCfg = Debug|Any CPU
		{A7798F68-054D-420F-A1FA-B0D175325C65}.Debug|Any CPU.Build.0 = Debug|Any CPU
		{A7798F68-054D-420F-A1FA-B0D175325C65}.Release|Any CPU.ActiveCfg = Release|Any CPU
		{A7798F68-054D-420F-A1FA-B0D175325C65}.Release|Any CPU.Build.0 = Release|Any CPU
	EndGlobalSection
	GlobalSection(SolutionProperties) = preSolution
		HideSolutionNode = FALSE
	EndGlobalSection
	GlobalSection(ExtensibilityGlobals) = postSolution
		SolutionGuid = {6850C2F7-33BF-40A3-96E1-DEEDE9F10E4C}
	EndGlobalSection
EndGlobal
